
Microsoft Visual Studio Solution File, Format Version 12.00
# Visual Studio Version 16
VisualStudioVersion = 16.0.30709.132
MinimumVisualStudioVersion = 10.0.40219.1
Project("{9A19103F-16F7-4668-BE54-9A1E7A4F7556}") = "Blog.Admin", "Blog.Admin\Blog.Admin.csproj", "{3C5E1BAB-05D8-4CE8-B362-CFBAE0684E3E}"
EndProject
Project("{2150E333-8FDC-42A3-9474-1A3956D46DE8}") = "Infras", "Infras", "{430E211B-716C-4520-93AE-01862B6D3CF4}"
EndProject
Project("{9A19103F-16F7-4668-BE54-9A1E7A4F7556}") = "Application.Shared", "Application.Shared\Application.Shared.csproj", "{3D791488-C80E-4D17-9733-811D304CDC86}"
EndProject
Project("{9A19103F-16F7-4668-BE54-9A1E7A4F7556}") = "EFCore", "EFCore\EFCore.csproj", "{03A6D2B9-8319-4BED-92E1-E3B033AC7FAC}"
EndProject
Project("{9A19103F-16F7-4668-BE54-9A1E7A4F7556}") = "Core.Shared", "Core.Shared\Core.Shared.csproj", "{432BD1D3-F0D3-4E42-A079-46D96877EFE0}"
EndProject
Project("{9A19103F-16F7-4668-BE54-9A1E7A4F7556}") = "Common", "Common\Common.csproj", "{D554DECE-C54D-4D45-8F67-DB98A4896AB7}"
EndProject
Project("{9A19103F-16F7-4668-BE54-9A1E7A4F7556}") = "Consul", "Consul\Consul.csproj", "{6E837E2D-C0C9-4D43-B0E1-C3C8322244FD}"
EndProject
Project("{2150E333-8FDC-42A3-9474-1A3956D46DE8}") = "Portal", "Portal", "{A1200028-DAAA-4EEB-B56F-804F0B8B6365}"
EndProject
Project("{9A19103F-16F7-4668-BE54-9A1E7A4F7556}") = "Core", "Core\Core.csproj", "{3CFF2E7F-4ED3-475A-94FC-72BEF5B2A3BB}"
EndProject
Project("{2150E333-8FDC-42A3-9474-1A3956D46DE8}") = "Admin", "Admin", "{DE19A8EB-8143-43C7-9459-CE7B207E0D53}"
EndProject
Global
	GlobalSection(SolutionConfigurationPlatforms) = preSolution
		Debug|Any CPU = Debug|Any CPU
		Release|Any CPU = Release|Any CPU
	EndGlobalSection
	GlobalSection(ProjectConfigurationPlatforms) = postSolution
		{3C5E1BAB-05D8-4CE8-B362-CFBAE0684E3E}.Debug|Any CPU.ActiveCfg = Debug|Any CPU
		{3C5E1BAB-05D8-4CE8-B362-CFBAE0684E3E}.Debug|Any CPU.Build.0 = Debug|Any CPU
		{3C5E1BAB-05D8-4CE8-B362-CFBAE0684E3E}.Release|Any CPU.ActiveCfg = Release|Any CPU
		{3C5E1BAB-05D8-4CE8-B362-CFBAE0684E3E}.Release|Any CPU.Build.0 = Release|Any CPU
		{3D791488-C80E-4D17-9733-811D304CDC86}.Debug|Any CPU.ActiveCfg = Debug|Any CPU
		{3D791488-C80E-4D17-9733-811D304CDC86}.Debug|Any CPU.Build.0 = Debug|Any CPU
		{3D791488-C80E-4D17-9733-811D304CDC86}.Release|Any CPU.ActiveCfg = Release|Any CPU
		{3D791488-C80E-4D17-9733-811D304CDC86}.Release|Any CPU.Build.0 = Release|Any CPU
		{03A6D2B9-8319-4BED-92E1-E3B033AC7FAC}.Debug|Any CPU.ActiveCfg = Debug|Any CPU
		{03A6D2B9-8319-4BED-92E1-E3B033AC7FAC}.Debug|Any CPU.Build.0 = Debug|Any CPU
		{03A6D2B9-8319-4BED-92E1-E3B033AC7FAC}.Release|Any CPU.ActiveCfg = Release|Any CPU
		{03A6D2B9-8319-4BED-92E1-E3B033AC7FAC}.Release|Any CPU.Build.0 = Release|Any CPU
		{432BD1D3-F0D3-4E42-A079-46D96877EFE0}.Debug|Any CPU.ActiveCfg = Debug|Any CPU
		{432BD1D3-F0D3-4E42-A079-46D96877EFE0}.Debug|Any CPU.Build.0 = Debug|Any CPU
		{432BD1D3-F0D3-4E42-A079-46D96877EFE0}.Release|Any CPU.ActiveCfg = Release|Any CPU
		{432BD1D3-F0D3-4E42-A079-46D96877EFE0}.Release|Any CPU.Build.0 = Release|Any CPU
		{D554DECE-C54D-4D45-8F67-DB98A4896AB7}.Debug|Any CPU.ActiveCfg = Debug|Any CPU
		{D554DECE-C54D-4D45-8F67-DB98A4896AB7}.Debug|Any CPU.Build.0 = Debug|Any CPU
		{D554DECE-C54D-4D45-8F67-DB98A4896AB7}.Release|Any CPU.ActiveCfg = Release|Any CPU
		{D554DECE-C54D-4D45-8F67-DB98A4896AB7}.Release|Any CPU.Build.0 = Release|Any CPU
		{6E837E2D-C0C9-4D43-B0E1-C3C8322244FD}.Debug|Any CPU.ActiveCfg = Debug|Any CPU
		{6E837E2D-C0C9-4D43-B0E1-C3C8322244FD}.Debug|Any CPU.Build.0 = Debug|Any CPU
		{6E837E2D-C0C9-4D43-B0E1-C3C8322244FD}.Release|Any CPU.ActiveCfg = Release|Any CPU
		{6E837E2D-C0C9-4D43-B0E1-C3C8322244FD}.Release|Any CPU.Build.0 = Release|Any CPU
		{3CFF2E7F-4ED3-475A-94FC-72BEF5B2A3BB}.Debug|Any CPU.ActiveCfg = Debug|Any CPU
		{3CFF2E7F-4ED3-475A-94FC-72BEF5B2A3BB}.Debug|Any CPU.Build.0 = Debug|Any CPU
		{3CFF2E7F-4ED3-475A-94FC-72BEF5B2A3BB}.Release|Any CPU.ActiveCfg = Release|Any CPU
		{3CFF2E7F-4ED3-475A-94FC-72BEF5B2A3BB}.Release|Any CPU.Build.0 = Release|Any CPU
	EndGlobalSection
	GlobalSection(SolutionProperties) = preSolution
		HideSolutionNode = FALSE
	EndGlobalSection
	GlobalSection(NestedProjects) = preSolution
		{3C5E1BAB-05D8-4CE8-B362-CFBAE0684E3E} = {DE19A8EB-8143-43C7-9459-CE7B207E0D53}
		{3D791488-C80E-4D17-9733-811D304CDC86} = {430E211B-716C-4520-93AE-01862B6D3CF4}
		{03A6D2B9-8319-4BED-92E1-E3B033AC7FAC} = {430E211B-716C-4520-93AE-01862B6D3CF4}
		{432BD1D3-F0D3-4E42-A079-46D96877EFE0} = {430E211B-716C-4520-93AE-01862B6D3CF4}
		{D554DECE-C54D-4D45-8F67-DB98A4896AB7} = {430E211B-716C-4520-93AE-01862B6D3CF4}
		{6E837E2D-C0C9-4D43-B0E1-C3C8322244FD} = {430E211B-716C-4520-93AE-01862B6D3CF4}
		{3CFF2E7F-4ED3-475A-94FC-72BEF5B2A3BB} = {DE19A8EB-8143-43C7-9459-CE7B207E0D53}
		{DE19A8EB-8143-43C7-9459-CE7B207E0D53} = {A1200028-DAAA-4EEB-B56F-804F0B8B6365}
	EndGlobalSection
	GlobalSection(ExtensibilityGlobals) = postSolution
		SolutionGuid = {78D9BC94-78E5-42FE-8810-67B492909757}
	EndGlobalSection
EndGlobal
